// !$*UTF8*$!
{
	archiveVersion = 1;
	classes = {
	};
	objectVersion = 46;
	objects = {

/* Begin PBXBuildFile section */
		DAEF80681F2C8CE6009A7C3B /* main.m in Sources */ = {isa = PBXBuildFile; fileRef = DAEF80671F2C8CE6009A7C3B /* main.m */; };
		DAEF806B1F2C8CE6009A7C3B /* AppDelegate.m in Sources */ = {isa = PBXBuildFile; fileRef = DAEF806A1F2C8CE6009A7C3B /* AppDelegate.m */; };
		DAEF806E1F2C8CE6009A7C3B /* ViewController.m in Sources */ = {isa = PBXBuildFile; fileRef = DAEF806D1F2C8CE6009A7C3B /* ViewController.m */; };
		DAEF80711F2C8CE6009A7C3B /* Main.storyboard in Resources */ = {isa = PBXBuildFile; fileRef = DAEF806F1F2C8CE6009A7C3B /* Main.storyboard */; };
		DAEF80731F2C8CE6009A7C3B /* Assets.xcassets in Resources */ = {isa = PBXBuildFile; fileRef = DAEF80721F2C8CE6009A7C3B /* Assets.xcassets */; };
		DAEF80761F2C8CE6009A7C3B /* LaunchScreen.storyboard in Resources */ = {isa = PBXBuildFile; fileRef = DAEF80741F2C8CE6009A7C3B /* LaunchScreen.storyboard */; };
		DAEF80811F2C8CE7009A7C3B /* myGitTextTests.m in Sources */ = {isa = PBXBuildFile; fileRef = DAEF80801F2C8CE7009A7C3B /* myGitTextTests.m */; };
		DAEF808C1F2C8CE7009A7C3B /* myGitTextUITests.m in Sources */ = {isa = PBXBuildFile; fileRef = DAEF808B1F2C8CE7009A7C3B /* myGitTextUITests.m */; };
/* End PBXBuildFile section */

/* Begin PBXContainerItemProxy section */
		DAEF807D1F2C8CE7009A7C3B /* PBXContainerItemProxy */ = {
			isa = PBXContainerItemProxy;
			containerPortal = DAEF805B1F2C8CE6009A7C3B /* Project object */;
			proxyType = 1;
			remoteGlobalIDString = DAEF80621F2C8CE6009A7C3B;
			remoteInfo = myGitText;
		};
		DAEF80881F2C8CE7009A7C3B /* PBXContainerItemProxy */ = {
			isa = PBXContainerItemProxy;
			containerPortal = DAEF805B1F2C8CE6009A7C3B /* Project object */;
			proxyType = 1;
			remoteGlobalIDString = DAEF80621F2C8CE6009A7C3B;
			remoteInfo = myGitText;
		};
/* End PBXContainerItemProxy section */

/* Begin PBXFileReference section */
		DAEF80631F2C8CE6009A7C3B /* myGitText.app */ = {isa = PBXFileReference; explicitFileType = wrapper.application; includeInIndex = 0; path = myGitText.app; sourceTree = BUILT_PRODUCTS_DIR; };
		DAEF80671F2C8CE6009A7C3B /* main.m */ = {isa = PBXFileReference; lastKnownFileType = sourcecode.c.objc; path = main.m; sourceTree = "<group>"; };
		DAEF80691F2C8CE6009A7C3B /* AppDelegate.h */ = {isa = PBXFileReference; lastKnownFileType = sourcecode.c.h; path = AppDelegate.h; sourceTree = "<group>"; };
		DAEF806A1F2C8CE6009A7C3B /* AppDelegate.m */ = {isa = PBXFileReference; lastKnownFileType = sourcecode.c.objc; path = AppDelegate.m; sourceTree = "<group>"; };
		DAEF806C1F2C8CE6009A7C3B /* ViewController.h */ = {isa = PBXFileReference; lastKnownFileType = sourcecode.c.h; path = ViewController.h; sourceTree = "<group>"; };
		DAEF806D1F2C8CE6009A7C3B /* ViewController.m */ = {isa = PBXFileReference; lastKnownFileType = sourcecode.c.objc; path = ViewController.m; sourceTree = "<group>"; };
		DAEF80701F2C8CE6009A7C3B /* Base */ = {isa = PBXFileReference; lastKnownFileType = file.storyboard; name = Base; path = Base.lproj/Main.storyboard; sourceTree = "<group>"; };
		DAEF80721F2C8CE6009A7C3B /* Assets.xcassets */ = {isa = PBXFileReference; lastKnownFileType = folder.assetcatalog; path = Assets.xcassets; sourceTree = "<group>"; };
		DAEF80751F2C8CE6009A7C3B /* Base */ = {isa = PBXFileReference; lastKnownFileType = file.storyboard; name = Base; path = Base.lproj/LaunchScreen.storyboard; sourceTree = "<group>"; };
		DAEF80771F2C8CE7009A7C3B /* Info.plist */ = {isa = PBXFileReference; lastKnownFileType = text.plist.xml; path = Info.plist; sourceTree = "<group>"; };
		DAEF807C1F2C8CE7009A7C3B /* myGitTextTests.xctest */ = {isa = PBXFileReference; explicitFileType = wrapper.cfbundle; includeInIndex = 0; path = myGitTextTests.xctest; sourceTree = BUILT_PRODUCTS_DIR; };
		DAEF80801F2C8CE7009A7C3B /* myGitTextTests.m */ = {isa = PBXFileReference; lastKnownFileType = sourcecode.c.objc; path = myGitTextTests.m; sourceTree = "<group>"; };
		DAEF80821F2C8CE7009A7C3B /* Info.plist */ = {isa = PBXFileReference; lastKnownFileType = text.plist.xml; path = Info.plist; sourceTree = "<group>"; };
		DAEF80871F2C8CE7009A7C3B /* myGitTextUITests.xctest */ = {isa = PBXFileReference; explicitFileType = wrapper.cfbundle; includeInIndex = 0; path = myGitTextUITests.xctest; sourceTree = BUILT_PRODUCTS_DIR; };
		DAEF808B1F2C8CE7009A7C3B /* myGitTextUITests.m */ = {isa = PBXFileReference; lastKnownFileType = sourcecode.c.objc; path = myGitTextUITests.m; sourceTree = "<group>"; };
		DAEF808D1F2C8CE7009A7C3B /* Info.plist */ = {isa = PBXFileReference; lastKnownFileType = text.plist.xml; path = Info.plist; sourceTree = "<group>"; };
/* End PBXFileReference section */

/* Begin PBXFrameworksBuildPhase section */
		DAEF80601F2C8CE6009A7C3B /* Frameworks */ = {
			isa = PBXFrameworksBuildPhase;
			buildActionMask = 2147483647;
			files = (
			);
			runOnlyForDeploymentPostprocessing = 0;
		};
		DAEF80791F2C8CE7009A7C3B /* Frameworks */ = {
			isa = PBXFrameworksBuildPhase;
			buildActionMask = 2147483647;
			files = (
			);
			runOnlyForDeploymentPostprocessing = 0;
		};
		DAEF80841F2C8CE7009A7C3B /* Frameworks */ = {
			isa = PBXFrameworksBuildPhase;
			buildActionMask = 2147483647;
			files = (
			);
			runOnlyForDeploymentPostprocessing = 0;
		};
/* End PBXFrameworksBuildPhase section */

/* Begin PBXGroup section */
		DAEF805A1F2C8CE6009A7C3B = {
			isa = PBXGroup;
			children = (
				DAEF80651F2C8CE6009A7C3B /* myGitText */,
				DAEF807F1F2C8CE7009A7C3B /* myGitTextTests */,
				DAEF808A1F2C8CE7009A7C3B /* myGitTextUITests */,
				DAEF80641F2C8CE6009A7C3B /* Products */,
			);
			sourceTree = "<group>";
		};
		DAEF80641F2C8CE6009A7C3B /* Products */ = {
			isa = PBXGroup;
			children = (
				DAEF80631F2C8CE6009A7C3B /* myGitText.app */,
				DAEF807C1F2C8CE7009A7C3B /* myGitTextTests.xctest */,
				DAEF80871F2C8CE7009A7C3B /* myGitTextUITests.xctest */,
			);
			name = Products;
			sourceTree = "<group>";
		};
		DAEF80651F2C8CE6009A7C3B /* myGitText */ = {
			isa = PBXGroup;
			children = (
				DAEF80691F2C8CE6009A7C3B /* AppDelegate.h */,
				DAEF806A1F2C8CE6009A7C3B /* AppDelegate.m */,
				DAEF806C1F2C8CE6009A7C3B /* ViewController.h */,
				DAEF806D1F2C8CE6009A7C3B /* ViewController.m */,
				DAEF806F1F2C8CE6009A7C3B /* Main.storyboard */,
				DAEF80721F2C8CE6009A7C3B /* Assets.xcassets */,
				DAEF80741F2C8CE6009A7C3B /* LaunchScreen.storyboard */,
				DAEF80771F2C8CE7009A7C3B /* Info.plist */,
				DAEF80661F2C8CE6009A7C3B /* Supporting Files */,
			);
			path = myGitText;
			sourceTree = "<group>";
		};
		DAEF80661F2C8CE6009A7C3B /* Supporting Files */ = {
			isa = PBXGroup;
			children = (
				DAEF80671F2C8CE6009A7C3B /* main.m */,
			);
			name = "Supporting Files";
			sourceTree = "<group>";
		};
		DAEF807F1F2C8CE7009A7C3B /* myGitTextTests */ = {
			isa = PBXGroup;
			children = (
				DAEF80801F2C8CE7009A7C3B /* myGitTextTests.m */,
				DAEF80821F2C8CE7009A7C3B /* Info.plist */,
			);
			path = myGitTextTests;
			sourceTree = "<group>";
		};
		DAEF808A1F2C8CE7009A7C3B /* myGitTextUITests */ = {
			isa = PBXGroup;
			children = (
				DAEF808B1F2C8CE7009A7C3B /* myGitTextUITests.m */,
				DAEF808D1F2C8CE7009A7C3B /* Info.plist */,
			);
			path = myGitTextUITests;
			sourceTree = "<group>";
		};
/* End PBXGroup section */

/* Begin PBXNativeTarget section */
		DAEF80621F2C8CE6009A7C3B /* myGitText */ = {
			isa = PBXNativeTarget;
			buildConfigurationList = DAEF80901F2C8CE7009A7C3B /* Build configuration list for PBXNativeTarget "myGitText" */;
			buildPhases = (
				DAEF805F1F2C8CE6009A7C3B /* Sources */,
				DAEF80601F2C8CE6009A7C3B /* Frameworks */,
				DAEF80611F2C8CE6009A7C3B /* Resources */,
			);
			buildRules = (
			);
			dependencies = (
			);
			name = myGitText;
			productName = myGitText;
			productReference = DAEF80631F2C8CE6009A7C3B /* myGitText.app */;
			productType = "com.apple.product-type.application";
		};
		DAEF807B1F2C8CE7009A7C3B /* myGitTextTests */ = {
			isa = PBXNativeTarget;
			buildConfigurationList = DAEF80931F2C8CE7009A7C3B /* Build configuration list for PBXNativeTarget "myGitTextTests" */;
			buildPhases = (
				DAEF80781F2C8CE7009A7C3B /* Sources */,
				DAEF80791F2C8CE7009A7C3B /* Frameworks */,
				DAEF807A1F2C8CE7009A7C3B /* Resources */,
			);
			buildRules = (
			);
			dependencies = (
				DAEF807E1F2C8CE7009A7C3B /* PBXTargetDependency */,
			);
			name = myGitTextTests;
			productName = myGitTextTests;
			productReference = DAEF807C1F2C8CE7009A7C3B /* myGitTextTests.xctest */;
			productType = "com.apple.product-type.bundle.unit-test";
		};
		DAEF80861F2C8CE7009A7C3B /* myGitTextUITests */ = {
			isa = PBXNativeTarget;
			buildConfigurationList = DAEF80961F2C8CE7009A7C3B /* Build configuration list for PBXNativeTarget "myGitTextUITests" */;
			buildPhases = (
				DAEF80831F2C8CE7009A7C3B /* Sources */,
				DAEF80841F2C8CE7009A7C3B /* Frameworks */,
				DAEF80851F2C8CE7009A7C3B /* Resources */,
			);
			buildRules = (
			);
			dependencies = (
				DAEF80891F2C8CE7009A7C3B /* PBXTargetDependency */,
			);
			name = myGitTextUITests;
			productName = myGitTextUITests;
			productReference = DAEF80871F2C8CE7009A7C3B /* myGitTextUITests.xctest */;
			productType = "com.apple.product-type.bundle.ui-testing";
		};
/* End PBXNativeTarget section */

/* Begin PBXProject section */
		DAEF805B1F2C8CE6009A7C3B /* Project object */ = {
			isa = PBXProject;
			attributes = {
				LastUpgradeCheck = 0830;
				ORGANIZATIONNAME = DJI;
				TargetAttributes = {
					DAEF80621F2C8CE6009A7C3B = {
						CreatedOnToolsVersion = 8.3.3;
						ProvisioningStyle = Automatic;
					};
					DAEF807B1F2C8CE7009A7C3B = {
						CreatedOnToolsVersion = 8.3.3;
						ProvisioningStyle = Automatic;
						TestTargetID = DAEF80621F2C8CE6009A7C3B;
					};
					DAEF80861F2C8CE7009A7C3B = {
						CreatedOnToolsVersion = 8.3.3;
						ProvisioningStyle = Automatic;
						TestTargetID = DAEF80621F2C8CE6009A7C3B;
					};
				};
			};
			buildConfigurationList = DAEF805E1F2C8CE6009A7C3B /* Build configuration list for PBXProject "myGitText" */;
			compatibilityVersion = "Xcode 3.2";
			developmentRegion = English;
			hasScannedForEncodings = 0;
			knownRegions = (
				en,
				Base,
			);
			mainGroup = DAEF805A1F2C8CE6009A7C3B;
			productRefGroup = DAEF80641F2C8CE6009A7C3B /* Products */;
			projectDirPath = "";
			projectRoot = "";
			targets = (
				DAEF80621F2C8CE6009A7C3B /* myGitText */,
				DAEF807B1F2C8CE7009A7C3B /* myGitTextTests */,
				DAEF80861F2C8CE7009A7C3B /* myGitTextUITests */,
			);
		};
/* End PBXProject section */

/* Begin PBXResourcesBuildPhase section */
		DAEF80611F2C8CE6009A7C3B /* Resources */ = {
			isa = PBXResourcesBuildPhase;
			buildActionMask = 2147483647;
			files = (
				DAEF80761F2C8CE6009A7C3B /* LaunchScreen.storyboard in Resources */,
				DAEF80731F2C8CE6009A7C3B /* Assets.xcassets in Resources */,
				DAEF80711F2C8CE6009A7C3B /* Main.storyboard in Resources */,
			);
			runOnlyForDeploymentPostprocessing = 0;
		};
		DAEF807A1F2C8CE7009A7C3B /* Resources */ = {
			isa = PBXResourcesBuildPhase;
			buildActionMask = 2147483647;
			files = (
			);
			runOnlyForDeploymentPostprocessing = 0;
		};
		DAEF80851F2C8CE7009A7C3B /* Resources */ = {
			isa = PBXResourcesBuildPhase;
			buildActionMask = 2147483647;
			files = (
			);
			runOnlyForDeploymentPostprocessing = 0;
		};
/* End PBXResourcesBuildPhase section */

/* Begin PBXSourcesBuildPhase section */
		DAEF805F1F2C8CE6009A7C3B /* Sources */ = {
			isa = PBXSourcesBuildPhase;
			buildActionMask = 2147483647;
			files = (
				DAEF806E1F2C8CE6009A7C3B /* ViewController.m in Sources */,
				DAEF806B1F2C8CE6009A7C3B /* AppDelegate.m in Sources */,
				DAEF80681F2C8CE6009A7C3B /* main.m in Sources */,
			);
			runOnlyForDeploymentPostprocessing = 0;
		};
		DAEF80781F2C8CE7009A7C3B /* Sources */ = {
			isa = PBXSourcesBuildPhase;
			buildActionMask = 2147483647;
			files = (
				DAEF80811F2C8CE7009A7C3B /* myGitTextTests.m in Sources */,
			);
			runOnlyForDeploymentPostprocessing = 0;
		};
		DAEF80831F2C8CE7009A7C3B /* Sources */ = {
			isa = PBXSourcesBuildPhase;
			buildActionMask = 2147483647;
			files = (
				DAEF808C1F2C8CE7009A7C3B /* myGitTextUITests.m in Sources */,
			);
			runOnlyForDeploymentPostprocessing = 0;
		};
/* End PBXSourcesBuildPhase section */

/* Begin PBXTargetDependency section */
		DAEF807E1F2C8CE7009A7C3B /* PBXTargetDependency */ = {
			isa = PBXTargetDependency;
			target = DAEF80621F2C8CE6009A7C3B /* myGitText */;
			targetProxy = DAEF807D1F2C8CE7009A7C3B /* PBXContainerItemProxy */;
		};
		DAEF80891F2C8CE7009A7C3B /* PBXTargetDependency */ = {
			isa = PBXTargetDependency;
			target = DAEF80621F2C8CE6009A7C3B /* myGitText */;
			targetProxy = DAEF80881F2C8CE7009A7C3B /* PBXContainerItemProxy */;
		};
/* End PBXTargetDependency section */

/* Begin PBXVariantGroup section */
		DAEF806F1F2C8CE6009A7C3B /* Main.storyboard */ = {
			isa = PBXVariantGroup;
			children = (
				DAEF80701F2C8CE6009A7C3B /* Base */,
			);
			name = Main.storyboard;
			sourceTree = "<group>";
		};
		DAEF80741F2C8CE6009A7C3B /* LaunchScreen.storyboard */ = {
			isa = PBXVariantGroup;
			children = (
				DAEF80751F2C8CE6009A7C3B /* Base */,
			);
			name = LaunchScreen.storyboard;
			sourceTree = "<group>";
		};
/* End PBXVariantGroup section */

/* Begin XCBuildConfiguration section */
		DAEF808E1F2C8CE7009A7C3B /* Debug */ = {
			isa = XCBuildConfiguration;
			buildSettings = {
				ALWAYS_SEARCH_USER_PATHS = NO;
				CLANG_ANALYZER_NONNULL = YES;
				CLANG_ANALYZER_NUMBER_OBJECT_CONVERSION = YES_AGGRESSIVE;
				CLANG_CXX_LANGUAGE_STANDARD = "gnu++0x";
				CLANG_CXX_LIBRARY = "libc++";
				CLANG_ENABLE_MODULES = YES;
				CLANG_ENABLE_OBJC_ARC = YES;
				CLANG_WARN_BOOL_CONVERSION = YES;
				CLANG_WARN_CONSTANT_CONVERSION = YES;
				CLANG_WARN_DIRECT_OBJC_ISA_USAGE = YES_ERROR;
				CLANG_WARN_DOCUMENTATION_COMMENTS = YES;
				CLANG_WARN_EMPTY_BODY = YES;
				CLANG_WARN_ENUM_CONVERSION = YES;
				CLANG_WARN_INFINITE_RECURSION = YES;
				CLANG_WARN_INT_CONVERSION = YES;
				CLANG_WARN_OBJC_ROOT_CLASS = YES_ERROR;
				CLANG_WARN_SUSPICIOUS_MOVE = YES;
				CLANG_WARN_UNREACHABLE_CODE = YES;
				CLANG_WARN__DUPLICATE_METHOD_MATCH = YES;
				"CODE_SIGN_IDENTITY[sdk=iphoneos*]" = "iPhone Developer";
				COPY_PHASE_STRIP = NO;
				DEBUG_INFORMATION_FORMAT = dwarf;
				ENABLE_STRICT_OBJC_MSGSEND = YES;
				ENABLE_TESTABILITY = YES;
				GCC_C_LANGUAGE_STANDARD = gnu99;
				GCC_DYNAMIC_NO_PIC = NO;
				GCC_NO_COMMON_BLOCKS = YES;
				GCC_OPTIMIZATION_LEVEL = 0;
				GCC_PREPROCESSOR_DEFINITIONS = (
					"DEBUG=1",
					"$(inherited)",
				);
				GCC_WARN_64_TO_32_BIT_CONVERSION = YES;
				GCC_WARN_ABOUT_RETURN_TYPE = YES_ERROR;
				GCC_WARN_UNDECLARED_SELECTOR = YES;
				GCC_WARN_UNINITIALIZED_AUTOS = YES_AGGRESSIVE;
				GCC_WARN_UNUSED_FUNCTION = YES;
				GCC_WARN_UNUSED_VARIABLE = YES;
				IPHONEOS_DEPLOYMENT_TARGET = 10.3;
				MTL_ENABLE_DEBUG_INFO = YES;
				ONLY_ACTIVE_ARCH = YES;
				SDKROOT = iphoneos;
				TARGETED_DEVICE_FAMILY = "1,2";
			};
			name = Debug;
		};
		DAEF808F1F2C8CE7009A7C3B /* Release */ = {
			isa = XCBuildConfiguration;
			buildSettings = {
				ALWAYS_SEARCH_USER_PATHS = NO;
				CLANG_ANALYZER_NONNULL = YES;
				CLANG_ANALYZER_NUMBER_OBJECT_CONVERSION = YES_AGGRESSIVE;
				CLANG_CXX_LANGUAGE_STANDARD = "gnu++0x";
				CLANG_CXX_LIBRARY = "libc++";
				CLANG_ENABLE_MODULES = YES;
				CLANG_ENABLE_OBJC_ARC = YES;
				CLANG_WARN_BOOL_CONVERSION = YES;
				CLANG_WARN_CONSTANT_CONVERSION = YES;
				CLANG_WARN_DIRECT_OBJC_ISA_USAGE = YES_ERROR;
				CLANG_WARN_DOCUMENTATION_COMMENTS = YES;
				CLANG_WARN_EMPTY_BODY = YES;
				CLANG_WARN_ENUM_CONVERSION = YES;
				CLANG_WARN_INFINITE_RECURSION = YES;
				CLANG_WARN_INT_CONVERSION = YES;
				CLANG_WARN_OBJC_ROOT_CLASS = YES_ERROR;
				CLANG_WARN_SUSPICIOUS_MOVE = YES;
				CLANG_WARN_UNREACHABLE_CODE = YES;
				CLANG_WARN__DUPLICATE_METHOD_MATCH = YES;
				"CODE_SIGN_IDENTITY[sdk=iphoneos*]" = "iPhone Developer";
				COPY_PHASE_STRIP = NO;
				DEBUG_INFORMATION_FORMAT = "dwarf-with-dsym";
				ENABLE_NS_ASSERTIONS = NO;
				ENABLE_STRICT_OBJC_MSGSEND = YES;
				GCC_C_LANGUAGE_STANDARD = gnu99;
				GCC_NO_COMMON_BLOCKS = YES;
				GCC_WARN_64_TO_32_BIT_CONVERSION = YES;
				GCC_WARN_ABOUT_RETURN_TYPE = YES_ERROR;
				GCC_WARN_UNDECLARED_SELECTOR = YES;
				GCC_WARN_UNINITIALIZED_AUTOS = YES_AGGRESSIVE;
				GCC_WARN_UNUSED_FUNCTION = YES;
				GCC_WARN_UNUSED_VARIABLE = YES;
				IPHONEOS_DEPLOYMENT_TARGET = 10.3;
				MTL_ENABLE_DEBUG_INFO = NO;
				SDKROOT = iphoneos;
				TARGETED_DEVICE_FAMILY = "1,2";
				VALIDATE_PRODUCT = YES;
			};
			name = Release;
		};
		DAEF80911F2C8CE7009A7C3B /* Debug */ = {
			isa = XCBuildConfiguration;
			buildSettings = {
				ASSETCATALOG_COMPILER_APPICON_NAME = AppIcon;
				INFOPLIST_FILE = myGitText/Info.plist;
				LD_RUNPATH_SEARCH_PATHS = "$(inherited) @executable_path/Frameworks";
				PRODUCT_BUNDLE_IDENTIFIER = com.DJI.myGitText;
				PRODUCT_NAME = "$(TARGET_NAME)";
			};
			name = Debug;
		};
		DAEF80921F2C8CE7009A7C3B /* Release */ = {
			isa = XCBuildConfiguration;
			buildSettings = {
				ASSETCATALOG_COMPILER_APPICON_NAME = AppIcon;
				INFOPLIST_FILE = myGitText/Info.plist;
				LD_RUNPATH_SEARCH_PATHS = "$(inherited) @executable_path/Frameworks";
				PRODUCT_BUNDLE_IDENTIFIER = com.DJI.myGitText;
				PRODUCT_NAME = "$(TARGET_NAME)";
			};
			name = Release;
		};
		DAEF80941F2C8CE7009A7C3B /* Debug */ = {
			isa = XCBuildConfiguration;
			buildSettings = {
				BUNDLE_LOADER = "$(TEST_HOST)";
				INFOPLIST_FILE = myGitTextTests/Info.plist;
				LD_RUNPATH_SEARCH_PATHS = "$(inherited) @executable_path/Frameworks @loader_path/Frameworks";
				PRODUCT_BUNDLE_IDENTIFIER = com.DJI.myGitTextTests;
				PRODUCT_NAME = "$(TARGET_NAME)";
				TEST_HOST = "$(BUILT_PRODUCTS_DIR)/myGitText.app/myGitText";
			};
			name = Debug;
		};
		DAEF80951F2C8CE7009A7C3B /* Release */ = {
			isa = XCBuildConfiguration;
			buildSettings = {
				BUNDLE_LOADER = "$(TEST_HOST)";
				INFOPLIST_FILE = myGitTextTests/Info.plist;
				LD_RUNPATH_SEARCH_PATHS = "$(inherited) @executable_path/Frameworks @loader_path/Frameworks";
				PRODUCT_BUNDLE_IDENTIFIER = com.DJI.myGitTextTests;
				PRODUCT_NAME = "$(TARGET_NAME)";
				TEST_HOST = "$(BUILT_PRODUCTS_DIR)/myGitText.app/myGitText";
			};
			name = Release;
		};
		DAEF80971F2C8CE7009A7C3B /* Debug */ = {
			isa = XCBuildConfiguration;
			buildSettings = {
				INFOPLIST_FILE = myGitTextUITests/Info.plist;
				LD_RUNPATH_SEARCH_PATHS = "$(inherited) @executable_path/Frameworks @loader_path/Frameworks";
				PRODUCT_BUNDLE_IDENTIFIER = com.DJI.myGitTextUITests;
				PRODUCT_NAME = "$(TARGET_NAME)";
				TEST_TARGET_NAME = myGitText;
			};
			name = Debug;
		};
		DAEF80981F2C8CE7009A7C3B /* Release */ = {
			isa = XCBuildConfiguration;
			buildSettings = {
				INFOPLIST_FILE = myGitTextUITests/Info.plist;
				LD_RUNPATH_SEARCH_PATHS = "$(inherited) @executable_path/Frameworks @loader_path/Frameworks";
				PRODUCT_BUNDLE_IDENTIFIER = com.DJI.myGitTextUITests;
				PRODUCT_NAME = "$(TARGET_NAME)";
				TEST_TARGET_NAME = myGitText;
			};
			name = Release;
		};
/* End XCBuildConfiguration section */

/* Begin XCConfigurationList section */
		DAEF805E1F2C8CE6009A7C3B /* Build configuration list for PBXProject "myGitText" */ = {
			isa = XCConfigurationList;
			buildConfigurations = (
				DAEF808E1F2C8CE7009A7C3B /* Debug */,
				DAEF808F1F2C8CE7009A7C3B /* Release */,
			);
			defaultConfigurationIsVisible = 0;
			defaultConfigurationName = Release;
		};
		DAEF80901F2C8CE7009A7C3B /* Build configuration list for PBXNativeTarget "myGitText" */ = {
			isa = XCConfigurationList;
			buildConfigurations = (
				DAEF80911F2C8CE7009A7C3B /* Debug */,
				DAEF80921F2C8CE7009A7C3B /* Release */,
			);
			defaultConfigurationIsVisible = 0;
		};
		DAEF80931F2C8CE7009A7C3B /* Build configuration list for PBXNativeTarget "myGitTextTests" */ = {
			isa = XCConfigurationList;
			buildConfigurations = (
				DAEF80941F2C8CE7009A7C3B /* Debug */,
				DAEF80951F2C8CE7009A7C3B /* Release */,
			);
			defaultConfigurationIsVisible = 0;
		};
		DAEF80961F2C8CE7009A7C3B /* Build configuration list for PBXNativeTarget "myGitTextUITests" */ = {
			isa = XCConfigurationList;
			buildConfigurations = (
				DAEF80971F2C8CE7009A7C3B /* Debug */,
				DAEF80981F2C8CE7009A7C3B /* Release */,
			);
			defaultConfigurationIsVisible = 0;
		};
/* End XCConfigurationList section */
	};
	rootObject = DAEF805B1F2C8CE6009A7C3B /* Project object */;
}
